
Microsoft Visual Studio Solution File, Format Version 12.00
Project("{FAE04EC0-301F-11D3-BF4B-00C04F79EFBC}") = "BossFight", "BossFight\BossFight.csproj", "{1EA49073-AE2E-4EB9-AF17-B4070EA848DC}"
EndProject
Global
	GlobalSection(SolutionConfigurationPlatforms) = preSolution
		Debug|Any CPU = Debug|Any CPU
		Release|Any CPU = Release|Any CPU
	EndGlobalSection
	GlobalSection(ProjectConfigurationPlatforms) = postSolution
		{1EA49073-AE2E-4EB9-AF17-B4070EA848DC}.Debug|Any CPU.ActiveCfg = Debug|Any CPU
		{1EA49073-AE2E-4EB9-AF17-B4070EA848DC}.Debug|Any CPU.Build.0 = Debug|Any CPU
		{1EA49073-AE2E-4EB9-AF17-B4070EA848DC}.Release|Any CPU.ActiveCfg = Release|Any CPU
		{1EA49073-AE2E-4EB9-AF17-B4070EA848DC}.Release|Any CPU.Build.0 = Release|Any CPU
	EndGlobalSection
EndGlobal
